
Microsoft Visual Studio Solution File, Format Version 12.00
# Visual Studio Version 16
VisualStudioVersion = 16.0.32901.82
MinimumVisualStudioVersion = 10.0.40219.1
Project("{FAE04EC0-301F-11D3-BF4B-00C04F79EFBC}") = "OCRent", "OCRent.csproj", "{516D3998-5427-4DEA-AF6E-CE20E2AED444}"
EndProject
Global
	GlobalSection(SolutionConfigurationPlatforms) = preSolution
		Debug|Any CPU = Debug|Any CPU
		Release|Any CPU = Release|Any CPU
	EndGlobalSection
	GlobalSection(ProjectConfigurationPlatforms) = postSolution
		{516D3998-5427-4DEA-AF6E-CE20E2AED444}.Debug|Any CPU.ActiveCfg = Debug|Any CPU
		{516D3998-5427-4DEA-AF6E-CE20E2AED444}.Debug|Any CPU.Build.0 = Debug|Any CPU
		{516D3998-5427-4DEA-AF6E-CE20E2AED444}.Release|Any CPU.ActiveCfg = Release|Any CPU
		{516D3998-5427-4DEA-AF6E-CE20E2AED444}.Release|Any CPU.Build.0 = Release|Any CPU
	EndGlobalSection
	GlobalSection(SolutionProperties) = preSolution
		HideSolutionNode = FALSE
	EndGlobalSection
	GlobalSection(ExtensibilityGlobals) = postSolution
		SolutionGuid = {C9A0EEB6-2BFC-4CEF-A750-28AB4BCDEA74}
	EndGlobalSection
EndGlobal
